<?xml version="1.0" encoding="utf-8"?>
<Project ToolsVersion="4.0" xmlns="http://schemas.microsoft.com/developer/msbuild/2003">
  <ItemGroup>
    <Filter Include="Headers">
      <UniqueIdentifier>{aad02c42-e38e-4d06-b8a4-0598d1bb3097}</UniqueIdentifier>
    </Filter>
    <Filter Include="Source">
      <UniqueIdentifier>{459ab808-5af5-4355-b8a1-bc022eb180a0}</UniqueIdentifier>
    </Filter>
    <Filter Include="Headers\Gui">
      <UniqueIdentifier>{a5fe51f3-5965-48c7-9579-5431168547f7}</UniqueIdentifier>
    </Filter>
    <Filter Include="Source\Gui">
      <UniqueIdentifier>{5bd3669a-4fb0-42e2-b976-d9ab4f9a38f3}</UniqueIdentifier>
    </Filter>
    <Filter Include="Shaders">
      <UniqueIdentifier>{80e5e3e1-73aa-4538-9a78-cdd61e35f2f6}</UniqueIdentifier>
    </Filter>
    <Filter Include="Json">
      <UniqueIdentifier>{53152cb7-6ad7-493b-a8b7-6ca0efbfabe9}</UniqueIdentifier>
    </Filter>
    <Filter Include="Headers\Voxel">
      <UniqueIdentifier>{7ca0919f-053d-4e3e-b280-e07c27598d1d}</UniqueIdentifier>
    </Filter>
    <Filter Include="Source\Voxel">
      <UniqueIdentifier>{e3397b36-35ca-4dbe-8786-91e6b059e888}</UniqueIdentifier>
    </Filter>
  </ItemGroup>
  <ItemGroup>
    <ClCompile Include="src\camera.cpp">
      <Filter>Source</Filter>
    </ClCompile>
    <ClCompile Include="src\client.cpp">
      <Filter>Source</Filter>
    </ClCompile>
    <ClCompile Include="src\EventSystem.cpp">
      <Filter>Source</Filter>
    </ClCompile>
    <ClCompile Include="src\game.cpp">
      <Filter>Source</Filter>
    </ClCompile>
    <ClCompile Include="src\GameScene.cpp">
      <Filter>Source</Filter>
    </ClCompile>
    <ClCompile Include="src\LightSource.cpp">
      <Filter>Source</Filter>
    </ClCompile>
    <ClCompile Include="src\main.cpp">
      <Filter>Source</Filter>
    </ClCompile>
    <ClCompile Include="src\mesh.cpp">
      <Filter>Source</Filter>
    </ClCompile>
    <ClCompile Include="src\model.cpp">
      <Filter>Source</Filter>
    </ClCompile>
    <ClCompile Include="src\sceneManager.cpp">
      <Filter>Source</Filter>
    </ClCompile>
    <ClCompile Include="src\shader.cpp">
      <Filter>Source</Filter>
    </ClCompile>
    <ClCompile Include="src\simple_logger.cpp">
      <Filter>Source</Filter>
    </ClCompile>
    <ClCompile Include="src\texture.cpp">
      <Filter>Source</Filter>
    </ClCompile>
    <ClCompile Include="src\Gui\button.cpp">
      <Filter>Source\Gui</Filter>
    </ClCompile>
    <ClCompile Include="src\Gui\image.cpp">
      <Filter>Source\Gui</Filter>
    </ClCompile>
    <ClCompile Include="src\Gui\label.cpp">
      <Filter>Source\Gui</Filter>
    </ClCompile>
    <ClCompile Include="src\Gui\layout.cpp">
      <Filter>Source\Gui</Filter>
    </ClCompile>
    <ClCompile Include="src\Gui\Menu.cpp">
      <Filter>Source\Gui</Filter>
    </ClCompile>
    <ClCompile Include="src\Gui\TextBox.cpp">
      <Filter>Source\Gui</Filter>
    </ClCompile>
    <ClCompile Include="src\Gui\widget.cpp">
      <Filter>Source\Gui</Filter>
    </ClCompile>
    <ClCompile Include="Utility\noiseutils.cpp">
      <Filter>Source</Filter>
    </ClCompile>
    <ClCompile Include="src\HUD.cpp">
      <Filter>Source</Filter>
    </ClCompile>
    <ClCompile Include="src\entity.cpp">
      <Filter>Source</Filter>
    </ClCompile>
    <ClCompile Include="src\ResourceManager.cpp">
      <Filter>Source</Filter>
    </ClCompile>
    <ClCompile Include="src\3dmath.cpp">
      <Filter>Source</Filter>
    </ClCompile>
    <ClCompile Include="src\PhysicsUtil.cpp">
      <Filter>Source</Filter>
    </ClCompile>
    <ClCompile Include="src\AnimationController.cpp">
      <Filter>Source</Filter>
    </ClCompile>
    <ClCompile Include="src\VoxelOctree.cpp">
      <Filter>Source\Voxel</Filter>
    </ClCompile>
    <ClCompile Include="src\VoxelChunk.cpp">
      <Filter>Source\Voxel</Filter>
    </ClCompile>
    <ClCompile Include="src\VoxelManager.cpp">
      <Filter>Source\Voxel</Filter>
    </ClCompile>
    <ClCompile Include="src\VoxelNoise.cpp">
      <Filter>Source\Voxel</Filter>
    </ClCompile>
    <ClCompile Include="src\density.cpp">
      <Filter>Source\Voxel</Filter>
    </ClCompile>
    <ClCompile Include="src\qef.cpp">
      <Filter>Source\Voxel</Filter>
    </ClCompile>
    <ClCompile Include="src\svd.cpp">
      <Filter>Source\Voxel</Filter>
    </ClCompile>
  </ItemGroup>
  <ItemGroup>
    <ClInclude Include="src\Actor.hpp">
      <Filter>Headers</Filter>
    </ClInclude>
    <ClInclude Include="src\camera.hpp">
      <Filter>Headers</Filter>
    </ClInclude>
    <ClInclude Include="src\client.hpp">
      <Filter>Headers</Filter>
    </ClInclude>
    <ClInclude Include="src\events.hpp">
      <Filter>Headers</Filter>
    </ClInclude>
    <ClInclude Include="src\eventSystem.hpp">
      <Filter>Headers</Filter>
    </ClInclude>
    <ClInclude Include="src\game.hpp">
      <Filter>Headers</Filter>
    </ClInclude>
    <ClInclude Include="src\GameScene.hpp">
      <Filter>Headers</Filter>
    </ClInclude>
    <ClInclude Include="src\LightSource.hpp">
      <Filter>Headers</Filter>
    </ClInclude>
    <ClInclude Include="src\mesh.hpp">
      <Filter>Headers</Filter>
    </ClInclude>
    <ClInclude Include="src\model.hpp">
      <Filter>Headers</Filter>
    </ClInclude>
    <ClInclude Include="src\observer.hpp">
      <Filter>Headers</Filter>
    </ClInclude>
    <ClInclude Include="src\packet.hpp">
      <Filter>Headers</Filter>
    </ClInclude>
    <ClInclude Include="src\scene.hpp">
      <Filter>Headers</Filter>
    </ClInclude>
    <ClInclude Include="src\sceneManager.hpp">
      <Filter>Headers</Filter>
    </ClInclude>
    <ClInclude Include="src\shader.hpp">
      <Filter>Headers</Filter>
    </ClInclude>
    <ClInclude Include="src\texture.hpp">
      <Filter>Headers</Filter>
    </ClInclude>
    <ClInclude Include="src\Gui\button.hpp">
      <Filter>Headers\Gui</Filter>
    </ClInclude>
    <ClInclude Include="src\Gui\image.hpp">
      <Filter>Headers\Gui</Filter>
    </ClInclude>
    <ClInclude Include="src\Gui\label.hpp">
      <Filter>Headers\Gui</Filter>
    </ClInclude>
    <ClInclude Include="src\Gui\layout.hpp">
      <Filter>Headers\Gui</Filter>
    </ClInclude>
    <ClInclude Include="src\Gui\Menu.hpp">
      <Filter>Headers\Gui</Filter>
    </ClInclude>
    <ClInclude Include="src\Gui\textbox.hpp">
      <Filter>Headers\Gui</Filter>
    </ClInclude>
    <ClInclude Include="src\Gui\widget.hpp">
      <Filter>Headers\Gui</Filter>
    </ClInclude>
    <ClInclude Include="Utility\noiseutils.h">
      <Filter>Headers</Filter>
    </ClInclude>
    <ClInclude Include="src\HUD.hpp">
      <Filter>Headers</Filter>
    </ClInclude>
    <ClInclude Include="src\entity.hpp">
      <Filter>Headers</Filter>
    </ClInclude>
    <ClInclude Include="src\ResourceManager.hpp">
      <Filter>Headers</Filter>
    </ClInclude>
    <ClInclude Include="src\3dmath.hpp">
      <Filter>Headers</Filter>
    </ClInclude>
    <ClInclude Include="src\PhysicsUtil.hpp">
      <Filter>Headers</Filter>
    </ClInclude>
    <ClInclude Include="src\simple_logger.h">
      <Filter>Headers</Filter>
    </ClInclude>
    <ClInclude Include="src\joint.hpp">
      <Filter>Headers</Filter>
    </ClInclude>
    <ClInclude Include="src\AnimationController.hpp">
      <Filter>Headers</Filter>
    </ClInclude>
    <ClInclude Include="src\VoxelOctree.hpp">
      <Filter>Headers\Voxel</Filter>
    </ClInclude>
    <ClInclude Include="src\VoxelChunk.hpp">
      <Filter>Headers\Voxel</Filter>
    </ClInclude>
    <ClInclude Include="src\VoxelManager.hpp">
      <Filter>Headers\Voxel</Filter>
    </ClInclude>
    <ClInclude Include="src\VoxelNoise.hpp">
      <Filter>Headers\Voxel</Filter>
    </ClInclude>
    <ClInclude Include="src\qef.hpp">
      <Filter>Headers\Voxel</Filter>
    </ClInclude>
    <ClInclude Include="src\density.hpp">
      <Filter>Headers\Voxel</Filter>
    </ClInclude>
    <ClInclude Include="src\svd.hpp">
      <Filter>Headers\Voxel</Filter>
    </ClInclude>
    <ClInclude Include="src\States.hpp">
      <Filter>Headers</Filter>
    </ClInclude>
  </ItemGroup>
  <ItemGroup>
    <None Include="packages.config" />
    <None Include="shader\lighting_fs.glsl">
      <Filter>Shaders</Filter>
    </None>
    <None Include="shader\lighting_vs.glsl">
      <Filter>Shaders</Filter>
    </None>
    <None Include="shader\minimap_fs.glsl">
      <Filter>Shaders</Filter>
    </None>
    <None Include="shader\minimap_vs.glsl">
      <Filter>Shaders</Filter>
    </None>
    <None Include="shader\voxel_fs.glsl">
      <Filter>Shaders</Filter>
    </None>
    <None Include="shader\voxel_vs.glsl">
      <Filter>Shaders</Filter>
    </None>
    <None Include="shader\ui.frag">
      <Filter>Shaders</Filter>
    </None>
    <None Include="shader\ui.vert">
      <Filter>Shaders</Filter>
    </None>
    <None Include="shader\ray.vert">
      <Filter>Shaders</Filter>
    </None>
    <None Include="shader\ray.frag">
      <Filter>Shaders</Filter>
    </None>
    <None Include="shader\model_fs.glsl">
      <Filter>Shaders</Filter>
    </None>
    <None Include="shader\model_vs.glsl">
      <Filter>Shaders</Filter>
    </None>
    <None Include="shader\object_fs.glsl">
      <Filter>Shaders</Filter>
    </None>
    <None Include="shader\object_vs.glsl">
      <Filter>Shaders</Filter>
    </None>
    <None Include="shader\shader.json">
      <Filter>Json</Filter>
    </None>
    <None Include="Resources\resources.json">
      <Filter>Json</Filter>
    </None>
    <None Include="Resources\models\models.json">
      <Filter>Json</Filter>
    </None>
    <None Include="Resources\gui\HUD.json">
      <Filter>Json</Filter>
    </None>
    <None Include="Resources\gui\menu.json">
      <Filter>Json</Filter>
    </None>
    <None Include="Resources\textures\texture.json">
      <Filter>Json</Filter>
    </None>
    <None Include="shader\voxelTex_fs.glsl">
      <Filter>Shaders</Filter>
    </None>
    <None Include="shader\voxelTex_vs.glsl">
      <Filter>Shaders</Filter>
    </None>
    <None Include="shader\grass_vs.glsl">
      <Filter>Shaders</Filter>
    </None>
    <None Include="shader\grass_fs.glsl">
      <Filter>Shaders</Filter>
    </None>
    <None Include="shader\skybox_vs.glsl">
      <Filter>Shaders</Filter>
    </None>
    <None Include="shader\skybox_fs.glsl">
      <Filter>Shaders</Filter>
    </None>
  </ItemGroup>
</Project>